PODS:
  - AWSCore (2.6.8)
  - AWSIoT (2.6.8):
    - AWSCore (= 2.6.8)
  - CorePlot (2.2)
  - OpenSSL-for-iOS (1.0.2.d.1)
  - SwiftyJSON (3.1.4)

DEPENDENCIES:
  - AWSIoT (~> 2.6)
  - CorePlot (~> 2.2)
  - OpenSSL-for-iOS (= 1.0.2.d.1)
  - SwiftyJSON (~> 3.1)

SPEC CHECKSUMS:
  AWSCore: 35fca7c45f37f5ffc4ddf75f7aa943f3588d9227
  AWSIoT: ca6ec60bb016713668ab5c1db02ac6e74b5542a8
  CorePlot: cbe0c6e14220705e32e06a89c7d6a5a908b7d7d8
  OpenSSL-for-iOS: d7a30add88a1969b052135adbe48452af231ed32
  SwiftyJSON: c2842d878f95482ffceec5709abc3d05680c0220

PODFILE CHECKSUM: 768895e0b0d2e55234bdd27aabd60bba19fb3ac6

COCOAPODS: 1.3.1
